[[package]]
name = "aiofiles"
version = "22.1.0"
description = "File support for asyncio."
category = "main"
optional = false
python-versions = ">=3.7,<4.0"

[[package]]
name = "black"
version = "22.10.0"
description = "The uncompromising code formatter."
category = "dev"
optional = false
python-versions = ">=3.7"

[package.dependencies]
click = ">=8.0.0"
mypy-extensions = ">=0.4.3"
pathspec = ">=0.9.0"
platformdirs = ">=2"
tomli = {version = ">=1.1.0", markers = "python_full_version < \"3.11.0a7\""}

[package.extras]
colorama = ["colorama (>=0.4.3)"]
d = ["aiohttp (>=3.7.4)"]
jupyter = ["ipython (>=7.8.0)", "tokenize-rt (>=3.2.0)"]
uvloop = ["uvloop (>=0.15.2)"]

[[package]]
name = "click"
version = "8.1.3"
description = "Composable command line interface toolkit"
category = "dev"
optional = false
python-versions = ">=3.7"

[package.dependencies]
colorama = {version = "*", markers = "platform_system == \"Windows\""}

[[package]]
name = "click-completion"
version = "0.5.2"
description = "Fish, Bash, Zsh and PowerShell completion for Click"
category = "dev"
optional = false
python-versions = "*"

[package.dependencies]
click = "*"
jinja2 = "*"
shellingham = "*"
six = "*"

[[package]]
name = "click-default-group"
version = "1.2.2"
description = "Extends click.Group to invoke a command without explicit subcommand name"
category = "dev"
optional = false
python-versions = "*"

[package.dependencies]
click = "*"

[[package]]
name = "colorama"
version = "0.4.6"
description = "Cross-platform colored terminal text."
category = "dev"
optional = false
python-versions = "!=3.0.*,!=3.1.*,!=3.2.*,!=3.3.*,!=3.4.*,!=3.5.*,!=3.6.*,>=2.7"

[[package]]
name = "commonmark"
version = "0.9.1"
description = "Python parser for the CommonMark Markdown spec"
category = "main"
optional = false
python-versions = "*"

[package.extras]
test = ["flake8 (==3.7.8)", "hypothesis (==3.55.3)"]

[[package]]
name = "cucumber-tag-expressions"
version = "4.1.0"
description = "Provides tag-expression parser for cucumber/behave"
category = "dev"
optional = false
python-versions = ">=2.7"

[package.extras]
develop = ["coverage", "invoke", "path.py", "pylint", "pytest (>=3.2)", "pytest-html (>=1.19.0)", "tox (>=2.9)"]

[[package]]
name = "importlib-metadata"
version = "4.13.0"
description = "Read metadata from Python packages"
category = "main"
optional = false
python-versions = ">=3.7"

[package.dependencies]
zipp = ">=0.5"

[package.extras]
docs = ["furo", "jaraco.packaging (>=9)", "jaraco.tidelift (>=1.4)", "rst.linker (>=1.9)", "sphinx (>=3.5)"]
perf = ["ipython"]
testing = ["flake8 (<5)", "flufl.flake8", "importlib-resources (>=1.3)", "packaging", "pyfakefs", "pytest (>=6)", "pytest-black (>=0.3.7)", "pytest-checkdocs (>=2.4)", "pytest-cov", "pytest-enabler (>=1.3)", "pytest-flake8", "pytest-mypy (>=0.9.1)", "pytest-perf (>=0.9.2)"]

[[package]]
name = "jinja2"
version = "3.1.2"
description = "A very fast and expressive template engine."
category = "dev"
optional = false
python-versions = ">=3.7"

[package.dependencies]
MarkupSafe = ">=2.0"

[package.extras]
i18n = ["Babel (>=2.7)"]

[[package]]
name = "markupsafe"
version = "2.1.1"
description = "Safely add untrusted strings to HTML/XML markup."
category = "dev"
optional = false
python-versions = ">=3.7"

[[package]]
name = "mypy-extensions"
version = "0.4.3"
description = "Experimental type system extensions for programs checked with the mypy typechecker."
category = "dev"
optional = false
python-versions = "*"

[[package]]
name = "nanoid"
version = "2.0.0"
description = "A tiny, secure, URL-friendly, unique string ID generator for Python"
category = "main"
optional = false
python-versions = "*"

[[package]]
name = "pathspec"
version = "0.10.1"
description = "Utility library for gitignore style pattern matching of file paths."
category = "dev"
optional = false
python-versions = ">=3.7"

[[package]]
name = "platformdirs"
version = "2.5.2"
description = "A small Python module for determining appropriate platform-specific dirs, e.g. a \"user data dir\"."
category = "dev"
optional = false
python-versions = ">=3.7"

[package.extras]
docs = ["furo (>=2021.7.5b38)", "proselint (>=0.10.2)", "sphinx (>=4)", "sphinx-autodoc-typehints (>=1.12)"]
test = ["appdirs (==1.4.4)", "pytest (>=6)", "pytest-cov (>=2.7)", "pytest-mock (>=3.6)"]

[[package]]
name = "pluggy"
version = "1.0.0"
description = "plugin and hook calling mechanisms for python"
category = "dev"
optional = false
python-versions = ">=3.6"

[package.extras]
dev = ["pre-commit", "tox"]
testing = ["pytest", "pytest-benchmark"]

[[package]]
name = "pprintpp"
version = "0.4.0"
description = "A drop-in replacement for pprint that's actually pretty"
category = "dev"
optional = false
python-versions = "*"

[[package]]
name = "pygments"
version = "2.13.0"
description = "Pygments is a syntax highlighting package written in Python."
category = "main"
optional = false
python-versions = ">=3.6"

[package.extras]
plugins = ["importlib-metadata"]

[[package]]
name = "rich"
version = "12.6.0"
description = "Render rich text, tables, progress bars, syntax highlighting, markdown and more to the terminal"
category = "main"
optional = false
python-versions = ">=3.6.3,<4.0.0"

[package.dependencies]
commonmark = ">=0.9.0,<0.10.0"
pygments = ">=2.6.0,<3.0.0"

[package.extras]
jupyter = ["ipywidgets (>=7.5.1,<8.0.0)"]

[[package]]
name = "shellingham"
version = "1.5.0"
description = "Tool to Detect Surrounding Shell"
category = "dev"
optional = false
python-versions = ">=3.4"

[[package]]
name = "six"
version = "1.16.0"
description = "Python 2 and 3 compatibility utilities"
category = "dev"
optional = false
python-versions = ">=2.7, !=3.0.*, !=3.1.*, !=3.2.*"

[[package]]
name = "textual"
version = "0.3.0"
description = "Modern Text User Interface framework"
category = "main"
optional = false
python-versions = ">=3.7,<4.0"

[package.dependencies]
importlib-metadata = ">=4.11.3,<5.0.0"
nanoid = ">=2.0.0"
rich = ">=12.6.0,<13.0.0"

[package.extras]
dev = ["aiohttp (>=3.8.1)", "click (>=8.1.2)", "msgpack (>=1.0.3)"]

[[package]]
name = "tomli"
version = "2.0.1"
description = "A lil' TOML parser"
category = "dev"
optional = false
python-versions = ">=3.7"

[[package]]
name = "ward"
version = "0.66.1b0"
description = "A modern Python testing framework"
category = "dev"
optional = false
python-versions = ">=3.7.8,<4.0.0"

[package.dependencies]
click = ">=7,<9"
click-completion = ">=0.5.2,<0.6.0"
click-default-group = ">=1.2.2,<2.0.0"
cucumber-tag-expressions = ">=2.0.0,<5.0.0"
pluggy = ">=0.13.1,<2.0.0"
pprintpp = ">=0.4.0,<0.5.0"
rich = ">=12.2.0,<13.0.0"
tomli = ">=1.0.0,<3.0.0"

[[package]]
name = "zipp"
version = "3.10.0"
description = "Backport of pathlib-compatible object wrapper for zip files"
category = "main"
optional = false
python-versions = ">=3.7"

[package.extras]
docs = ["furo", "jaraco.packaging (>=9)", "jaraco.tidelift (>=1.4)", "rst.linker (>=1.9)", "sphinx (>=3.5)"]
testing = ["flake8 (<5)", "func-timeout", "jaraco.functools", "jaraco.itertools", "more-itertools", "pytest (>=6)", "pytest-black (>=0.3.7)", "pytest-checkdocs (>=2.4)", "pytest-cov", "pytest-enabler (>=1.3)", "pytest-flake8", "pytest-mypy (>=0.9.1)"]

[metadata]
lock-version = "1.1"
python-versions = "^3.10"
content-hash = "e82a9a1349e3fac1a25c7b454b9fe6c2ed3955785f2810b032d0be2954f7d355"

[metadata.files]
aiofiles = [
    {file = "aiofiles-22.1.0-py3-none-any.whl", hash = "sha256:1142fa8e80dbae46bb6339573ad4c8c0841358f79c6eb50a493dceca14621bad"},
    {file = "aiofiles-22.1.0.tar.gz", hash = "sha256:9107f1ca0b2a5553987a94a3c9959fe5b491fdf731389aa5b7b1bd0733e32de6"},
]
black = [
    {file = "black-22.10.0-1fixedarch-cp310-cp310-macosx_11_0_x86_64.whl", hash = "sha256:5cc42ca67989e9c3cf859e84c2bf014f6633db63d1cbdf8fdb666dcd9e77e3fa"},
    {file = "black-22.10.0-1fixedarch-cp311-cp311-macosx_11_0_x86_64.whl", hash = "sha256:5d8f74030e67087b219b032aa33a919fae8806d49c867846bfacde57f43972ef"},
    {file = "black-22.10.0-1fixedarch-cp37-cp37m-macosx_10_16_x86_64.whl", hash = "sha256:197df8509263b0b8614e1df1756b1dd41be6738eed2ba9e9769f3880c2b9d7b6"},
    {file = "black-22.10.0-1fixedarch-cp38-cp38-macosx_10_16_x86_64.whl", hash = "sha256:2644b5d63633702bc2c5f3754b1b475378fbbfb481f62319388235d0cd104c2d"},
    {file = "black-22.10.0-1fixedarch-cp39-cp39-macosx_11_0_x86_64.whl", hash = "sha256:e41a86c6c650bcecc6633ee3180d80a025db041a8e2398dcc059b3afa8382cd4"},
    {file = "black-22.10.0-cp310-cp310-macosx_11_0_arm64.whl", hash = "sha256:2039230db3c6c639bd84efe3292ec7b06e9214a2992cd9beb293d639c6402edb"},
    {file = "black-22.10.0-cp310-cp310-manylinux_2_17_x86_64.manylinux2014_x86_64.whl", hash = "sha256:14ff67aec0a47c424bc99b71005202045dc09270da44a27848d534600ac64fc7"},
    {file = "black-22.10.0-cp310-cp310-win_amd64.whl", hash = "sha256:819dc789f4498ecc91438a7de64427c73b45035e2e3680c92e18795a839ebb66"},
    {file = "black-22.10.0-cp311-cp311-macosx_11_0_arm64.whl", hash = "sha256:5b9b29da4f564ba8787c119f37d174f2b69cdfdf9015b7d8c5c16121ddc054ae"},
    {file = "black-22.10.0-cp311-cp311-manylinux_2_17_x86_64.manylinux2014_x86_64.whl", hash = "sha256:b8b49776299fece66bffaafe357d929ca9451450f5466e997a7285ab0fe28e3b"},
    {file = "black-22.10.0-cp311-cp311-win_amd64.whl", hash = "sha256:21199526696b8f09c3997e2b4db8d0b108d801a348414264d2eb8eb2532e540d"},
    {file = "black-22.10.0-cp37-cp37m-manylinux_2_17_x86_64.manylinux2014_x86_64.whl", hash = "sha256:1e464456d24e23d11fced2bc8c47ef66d471f845c7b7a42f3bd77bf3d1789650"},
    {file = "black-22.10.0-cp37-cp37m-win_amd64.whl", hash = "sha256:9311e99228ae10023300ecac05be5a296f60d2fd10fff31cf5c1fa4ca4b1988d"},
    {file = "black-22.10.0-cp38-cp38-macosx_11_0_arm64.whl", hash = "sha256:fba8a281e570adafb79f7755ac8721b6cf1bbf691186a287e990c7929c7692ff"},
    {file = "black-22.10.0-cp38-cp38-manylinux_2_17_x86_64.manylinux2014_x86_64.whl", hash = "sha256:915ace4ff03fdfff953962fa672d44be269deb2eaf88499a0f8805221bc68c87"},
    {file = "black-22.10.0-cp38-cp38-win_amd64.whl", hash = "sha256:444ebfb4e441254e87bad00c661fe32df9969b2bf224373a448d8aca2132b395"},
    {file = "black-22.10.0-cp39-cp39-macosx_11_0_arm64.whl", hash = "sha256:974308c58d057a651d182208a484ce80a26dac0caef2895836a92dd6ebd725e0"},
    {file = "black-22.10.0-cp39-cp39-manylinux_2_17_x86_64.manylinux2014_x86_64.whl", hash = "sha256:72ef3925f30e12a184889aac03d77d031056860ccae8a1e519f6cbb742736383"},
    {file = "black-22.10.0-cp39-cp39-win_amd64.whl", hash = "sha256:432247333090c8c5366e69627ccb363bc58514ae3e63f7fc75c54b1ea80fa7de"},
    {file = "black-22.10.0-py3-none-any.whl", hash = "sha256:c957b2b4ea88587b46cf49d1dc17681c1e672864fd7af32fc1e9664d572b3458"},
    {file = "black-22.10.0.tar.gz", hash = "sha256:f513588da599943e0cde4e32cc9879e825d58720d6557062d1098c5ad80080e1"},
]
click = [
    {file = "click-8.1.3-py3-none-any.whl", hash = "sha256:bb4d8133cb15a609f44e8213d9b391b0809795062913b383c62be0ee95b1db48"},
    {file = "click-8.1.3.tar.gz", hash = "sha256:7682dc8afb30297001674575ea00d1814d808d6a36af415a82bd481d37ba7b8e"},
]
click-completion = [
    {file = "click-completion-0.5.2.tar.gz", hash = "sha256:5bf816b81367e638a190b6e91b50779007d14301b3f9f3145d68e3cade7bce86"},
]
click-default-group = [
    {file = "click-default-group-1.2.2.tar.gz", hash = "sha256:d9560e8e8dfa44b3562fbc9425042a0fd6d21956fcc2db0077f63f34253ab904"},
]
colorama = [
    {file = "colorama-0.4.6-py2.py3-none-any.whl", hash = "sha256:4f1d9991f5acc0ca119f9d443620b77f9d6b33703e51011c16baf57afb285fc6"},
    {file = "colorama-0.4.6.tar.gz", hash = "sha256:08695f5cb7ed6e0531a20572697297273c47b8cae5a63ffc6d6ed5c201be6e44"},
]
commonmark = [
    {file = "commonmark-0.9.1-py2.py3-none-any.whl", hash = "sha256:da2f38c92590f83de410ba1a3cbceafbc74fee9def35f9251ba9a971d6d66fd9"},
    {file = "commonmark-0.9.1.tar.gz", hash = "sha256:452f9dc859be7f06631ddcb328b6919c67984aca654e5fefb3914d54691aed60"},
]
cucumber-tag-expressions = [
    {file = "cucumber-tag-expressions-4.1.0.tar.gz", hash = "sha256:e314d5fed6eebb2f90380271f562248fb15e18636764faf40f4dde4b28b1f960"},
]
importlib-metadata = [
    {file = "importlib_metadata-4.13.0-py3-none-any.whl", hash = "sha256:8a8a81bcf996e74fee46f0d16bd3eaa382a7eb20fd82445c3ad11f4090334116"},
    {file = "importlib_metadata-4.13.0.tar.gz", hash = "sha256:dd0173e8f150d6815e098fd354f6414b0f079af4644ddfe90c71e2fc6174346d"},
]
jinja2 = [
    {file = "Jinja2-3.1.2-py3-none-any.whl", hash = "sha256:6088930bfe239f0e6710546ab9c19c9ef35e29792895fed6e6e31a023a182a61"},
    {file = "Jinja2-3.1.2.tar.gz", hash = "sha256:31351a702a408a9e7595a8fc6150fc3f43bb6bf7e319770cbc0db9df9437e852"},
]
markupsafe = [
    {file = "MarkupSafe-2.1.1-cp310-cp310-macosx_10_9_universal2.whl", hash = "sha256:86b1f75c4e7c2ac2ccdaec2b9022845dbb81880ca318bb7a0a01fbf7813e3812"},
    {file = "MarkupSafe-2.1.1-cp310-cp310-macosx_10_9_x86_64.whl", hash = "sha256:f121a1420d4e173a5d96e47e9a0c0dcff965afdf1626d28de1460815f7c4ee7a"},
    {file = "MarkupSafe-2.1.1-cp310-cp310-manylinux_2_17_aarch64.manylinux2014_aarch64.whl", hash = "sha256:a49907dd8420c5685cfa064a1335b6754b74541bbb3706c259c02ed65b644b3e"},
    {file = "MarkupSafe-2.1.1-cp310-cp310-manylinux_2_17_x86_64.manylinux2014_x86_64.whl", hash = "sha256:10c1bfff05d95783da83491be968e8fe789263689c02724e0c691933c52994f5"},
    {file = "MarkupSafe-2.1.1-cp310-cp310-manylinux_2_5_i686.manylinux1_i686.manylinux_2_17_i686.manylinux2014_i686.whl", hash = "sha256:b7bd98b796e2b6553da7225aeb61f447f80a1ca64f41d83612e6139ca5213aa4"},
    {file = "MarkupSafe-2.1.1-cp310-cp310-musllinux_1_1_aarch64.whl", hash = "sha256:b09bf97215625a311f669476f44b8b318b075847b49316d3e28c08e41a7a573f"},
    {file = "MarkupSafe-2.1.1-cp310-cp310-musllinux_1_1_i686.whl", hash = "sha256:694deca8d702d5db21ec83983ce0bb4b26a578e71fbdbd4fdcd387daa90e4d5e"},
    {file = "MarkupSafe-2.1.1-cp310-cp310-musllinux_1_1_x86_64.whl", hash = "sha256:efc1913fd2ca4f334418481c7e595c00aad186563bbc1ec76067848c7ca0a933"},
    {file = "MarkupSafe-2.1.1-cp310-cp310-win32.whl", hash = "sha256:4a33dea2b688b3190ee12bd7cfa29d39c9ed176bda40bfa11099a3ce5d3a7ac6"},
    {file = "MarkupSafe-2.1.1-cp310-cp310-win_amd64.whl", hash = "sha256:dda30ba7e87fbbb7eab1ec9f58678558fd9a6b8b853530e176eabd064da81417"},
    {file = "MarkupSafe-2.1.1-cp37-cp37m-macosx_10_9_x86_64.whl", hash = "sha256:671cd1187ed5e62818414afe79ed29da836dde67166a9fac6d435873c44fdd02"},
    {file = "MarkupSafe-2.1.1-cp37-cp37m-manylinux_2_17_aarch64.manylinux2014_aarch64.whl", hash = "sha256:3799351e2336dc91ea70b034983ee71cf2f9533cdff7c14c90ea126bfd95d65a"},
    {file = "MarkupSafe-2.1.1-cp37-cp37m-manylinux_2_17_x86_64.manylinux2014_x86_64.whl", hash = "sha256:e72591e9ecd94d7feb70c1cbd7be7b3ebea3f548870aa91e2732960fa4d57a37"},
    {file = "MarkupSafe-2.1.1-cp37-cp37m-manylinux_2_5_i686.manylinux1_i686.manylinux_2_17_i686.manylinux2014_i686.whl", hash = "sha256:6fbf47b5d3728c6aea2abb0589b5d30459e369baa772e0f37a0320185e87c980"},
    {file = "MarkupSafe-2.1.1-cp37-cp37m-musllinux_1_1_aarch64.whl", hash = "sha256:d5ee4f386140395a2c818d149221149c54849dfcfcb9f1debfe07a8b8bd63f9a"},
    {file = "MarkupSafe-2.1.1-cp37-cp37m-musllinux_1_1_i686.whl", hash = "sha256:bcb3ed405ed3222f9904899563d6fc492ff75cce56cba05e32eff40e6acbeaa3"},
    {file = "MarkupSafe-2.1.1-cp37-cp37m-musllinux_1_1_x86_64.whl", hash = "sha256:e1c0b87e09fa55a220f058d1d49d3fb8df88fbfab58558f1198e08c1e1de842a"},
    {file = "MarkupSafe-2.1.1-cp37-cp37m-win32.whl", hash = "sha256:8dc1c72a69aa7e082593c4a203dcf94ddb74bb5c8a731e4e1eb68d031e8498ff"},
    {file = "MarkupSafe-2.1.1-cp37-cp37m-win_amd64.whl", hash = "sha256:97a68e6ada378df82bc9f16b800ab77cbf4b2fada0081794318520138c088e4a"},
    {file = "MarkupSafe-2.1.1-cp38-cp38-macosx_10_9_universal2.whl", hash = "sha256:e8c843bbcda3a2f1e3c2ab25913c80a3c5376cd00c6e8c4a86a89a28c8dc5452"},
    {file = "MarkupSafe-2.1.1-cp38-cp38-macosx_10_9_x86_64.whl", hash = "sha256:0212a68688482dc52b2d45013df70d169f542b7394fc744c02a57374a4207003"},
    {file = "MarkupSafe-2.1.1-cp38-cp38-manylinux_2_17_aarch64.manylinux2014_aarch64.whl", hash = "sha256:8e576a51ad59e4bfaac456023a78f6b5e6e7651dcd383bcc3e18d06f9b55d6d1"},
    {file = "MarkupSafe-2.1.1-cp38-cp38-manylinux_2_17_x86_64.manylinux2014_x86_64.whl", hash = "sha256:4b9fe39a2ccc108a4accc2676e77da025ce383c108593d65cc909add5c3bd601"},
    {file = "MarkupSafe-2.1.1-cp38-cp38-manylinux_2_5_i686.manylinux1_i686.manylinux_2_17_i686.manylinux2014_i686.whl", hash = "sha256:96e37a3dc86e80bf81758c152fe66dbf60ed5eca3d26305edf01892257049925"},
    {file = "MarkupSafe-2.1.1-cp38-cp38-musllinux_1_1_aarch64.whl", hash = "sha256:6d0072fea50feec76a4c418096652f2c3238eaa014b2f94aeb1d56a66b41403f"},
    {file = "MarkupSafe-2.1.1-cp38-cp38-musllinux_1_1_i686.whl", hash = "sha256:089cf3dbf0cd6c100f02945abeb18484bd1ee57a079aefd52cffd17fba910b88"},
    {file = "MarkupSafe-2.1.1-cp38-cp38-musllinux_1_1_x86_64.whl", hash = "sha256:6a074d34ee7a5ce3effbc526b7083ec9731bb3cbf921bbe1d3005d4d2bdb3a63"},
    {file = "MarkupSafe-2.1.1-cp38-cp38-win32.whl", hash = "sha256:421be9fbf0ffe9ffd7a378aafebbf6f4602d564d34be190fc19a193232fd12b1"},
    {file = "MarkupSafe-2.1.1-cp38-cp38-win_amd64.whl", hash = "sha256:fc7b548b17d238737688817ab67deebb30e8073c95749d55538ed473130ec0c7"},
    {file = "MarkupSafe-2.1.1-cp39-cp39-macosx_10_9_universal2.whl", hash = "sha256:e04e26803c9c3851c931eac40c695602c6295b8d432cbe78609649ad9bd2da8a"},
    {file = "MarkupSafe-2.1.1-cp39-cp39-macosx_10_9_x86_64.whl", hash = "sha256:b87db4360013327109564f0e591bd2a3b318547bcef31b468a92ee504d07ae4f"},
    {file = "MarkupSafe-2.1.1-cp39-cp39-manylinux_2_17_aarch64.manylinux2014_aarch64.whl", hash = "sha256:99a2a507ed3ac881b975a2976d59f38c19386d128e7a9a18b7df6fff1fd4c1d6"},
    {file = "MarkupSafe-2.1.1-cp39-cp39-manylinux_2_17_x86_64.manylinux2014_x86_64.whl", hash = "sha256:56442863ed2b06d19c37f94d999035e15ee982988920e12a5b4ba29b62ad1f77"},
    {file = "MarkupSafe-2.1.1-cp39-cp39-manylinux_2_5_i686.manylinux1_i686.manylinux_2_17_i686.manylinux2014_i686.whl", hash = "sha256:3ce11ee3f23f79dbd06fb3d63e2f6af7b12db1d46932fe7bd8afa259a5996603"},
    {file = "MarkupSafe-2.1.1-cp39-cp39-musllinux_1_1_aarch64.whl", hash = "sha256:33b74d289bd2f5e527beadcaa3f401e0df0a89927c1559c8566c066fa4248ab7"},
    {file = "MarkupSafe-2.1.1-cp39-cp39-musllinux_1_1_i686.whl", hash = "sha256:43093fb83d8343aac0b1baa75516da6092f58f41200907ef92448ecab8825135"},
    {file = "MarkupSafe-2.1.1-cp39-cp39-musllinux_1_1_x86_64.whl", hash = "sha256:8e3dcf21f367459434c18e71b2a9532d96547aef8a871872a5bd69a715c15f96"},
    {file = "MarkupSafe-2.1.1-cp39-cp39-win32.whl", hash = "sha256:d4306c36ca495956b6d568d276ac11fdd9c30a36f1b6eb928070dc5360b22e1c"},
    {file = "MarkupSafe-2.1.1-cp39-cp39-win_amd64.whl", hash = "sha256:46d00d6cfecdde84d40e572d63735ef81423ad31184100411e6e3388d405e247"},
    {file = "MarkupSafe-2.1.1.tar.gz", hash = "sha256:7f91197cc9e48f989d12e4e6fbc46495c446636dfc81b9ccf50bb0ec74b91d4b"},
]
mypy-extensions = [
    {file = "mypy_extensions-0.4.3-py2.py3-none-any.whl", hash = "sha256:090fedd75945a69ae91ce1303b5824f428daf5a028d2f6ab8a299250a846f15d"},
    {file = "mypy_extensions-0.4.3.tar.gz", hash = "sha256:2d82818f5bb3e369420cb3c4060a7970edba416647068eb4c5343488a6c604a8"},
]
nanoid = [
    {file = "nanoid-2.0.0-py3-none-any.whl", hash = "sha256:90aefa650e328cffb0893bbd4c236cfd44c48bc1f2d0b525ecc53c3187b653bb"},
    {file = "nanoid-2.0.0.tar.gz", hash = "sha256:5a80cad5e9c6e9ae3a41fa2fb34ae189f7cb420b2a5d8f82bd9d23466e4efa68"},
]
pathspec = [
    {file = "pathspec-0.10.1-py3-none-any.whl", hash = "sha256:46846318467efc4556ccfd27816e004270a9eeeeb4d062ce5e6fc7a87c573f93"},
    {file = "pathspec-0.10.1.tar.gz", hash = "sha256:7ace6161b621d31e7902eb6b5ae148d12cfd23f4a249b9ffb6b9fee12084323d"},
]
platformdirs = [
    {file = "platformdirs-2.5.2-py3-none-any.whl", hash = "sha256:027d8e83a2d7de06bbac4e5ef7e023c02b863d7ea5d079477e722bb41ab25788"},
    {file = "platformdirs-2.5.2.tar.gz", hash = "sha256:58c8abb07dcb441e6ee4b11d8df0ac856038f944ab98b7be6b27b2a3c7feef19"},
]
pluggy = [
    {file = "pluggy-1.0.0-py2.py3-none-any.whl", hash = "sha256:74134bbf457f031a36d68416e1509f34bd5ccc019f0bcc952c7b909d06b37bd3"},
    {file = "pluggy-1.0.0.tar.gz", hash = "sha256:4224373bacce55f955a878bf9cfa763c1e360858e330072059e10bad68531159"},
]
pprintpp = [
    {file = "pprintpp-0.4.0-py2.py3-none-any.whl", hash = "sha256:b6b4dcdd0c0c0d75e4d7b2f21a9e933e5b2ce62b26e1a54537f9651ae5a5c01d"},
    {file = "pprintpp-0.4.0.tar.gz", hash = "sha256:ea826108e2c7f49dc6d66c752973c3fc9749142a798d6b254e1e301cfdbc6403"},
]
pygments = [
    {file = "Pygments-2.13.0-py3-none-any.whl", hash = "sha256:f643f331ab57ba3c9d89212ee4a2dabc6e94f117cf4eefde99a0574720d14c42"},
    {file = "Pygments-2.13.0.tar.gz", hash = "sha256:56a8508ae95f98e2b9bdf93a6be5ae3f7d8af858b43e02c5a2ff083726be40c1"},
]
rich = [
    {file = "rich-12.6.0-py3-none-any.whl", hash = "sha256:a4eb26484f2c82589bd9a17c73d32a010b1e29d89f1604cd9bf3a2097b81bb5e"},
    {file = "rich-12.6.0.tar.gz", hash = "sha256:ba3a3775974105c221d31141f2c116f4fd65c5ceb0698657a11e9f295ec93fd0"},
]
shellingham = [
    {file = "shellingham-1.5.0-py2.py3-none-any.whl", hash = "sha256:a8f02ba61b69baaa13facdba62908ca8690a94b8119b69f5ec5873ea85f7391b"},
    {file = "shellingham-1.5.0.tar.gz", hash = "sha256:72fb7f5c63103ca2cb91b23dee0c71fe8ad6fbfd46418ef17dbe40db51592dad"},
]
six = [
    {file = "six-1.16.0-py2.py3-none-any.whl", hash = "sha256:8abb2f1d86890a2dfb989f9a77cfcfd3e47c2a354b01111771326f8aa26e0254"},
    {file = "six-1.16.0.tar.gz", hash = "sha256:1e61c37477a1626458e36f7b1d82aa5c9b094fa4802892072e49de9c60c4c926"},
]
textual = [
    {file = "textual-0.3.0-py3-none-any.whl", hash = "sha256:fa2f2e8ced8894eeee49879599bbcff0f80b7697757ef362c1f29dd3e53fd206"},
    {file = "textual-0.3.0.tar.gz", hash = "sha256:4bc6b150e1c0f907b235a9de90b7a2dbfcdeb7637d7c5992855116aff6e547c7"},
]
tomli = [
    {file = "tomli-2.0.1-py3-none-any.whl", hash = "sha256:939de3e7a6161af0c887ef91b7d41a53e7c5a1ca976325f429cb46ea9bc30ecc"},
    {file = "tomli-2.0.1.tar.gz", hash = "sha256:de526c12914f0c550d15924c62d72abc48d6fe7364aa87328337a31007fe8a4f"},
]
ward = [
    {file = "ward-0.66.1b0-py3-none-any.whl", hash = "sha256:ca02367c6cbd0fbbadd9fc1fd35f25c19913c6de4c7742dfafbe7239e7434754"},
    {file = "ward-0.66.1b0.tar.gz", hash = "sha256:cd79c54ce6c5cf47e58a672a7724e22de6ea8e63ea6941c4e886321e637e50d8"},
]
zipp = [
    {file = "zipp-3.10.0-py3-none-any.whl", hash = "sha256:4fcb6f278987a6605757302a6e40e896257570d11c51628968ccb2a47e80c6c1"},
    {file = "zipp-3.10.0.tar.gz", hash = "sha256:7a7262fd930bd3e36c50b9a64897aec3fafff3dfdeec9623ae22b40e93f99bb8"},
]
